{
  "dependencies": {
    "datatables": {
      "version": "1.10.12",
      "resolved": "https://registry.npmjs.org/datatables/-/datatables-1.10.12.tgz",
      "from": "datatables@1.10.12"
    },
    "jquery": {
      "version": "3.0.0",
      "resolved": "https://registry.npmjs.org/jquery/-/jquery-3.0.0.tgz",
      "from": "jquery@>=1.7.0"
    }
  }
}
